
Microsoft Visual Studio Solution File, Format Version 11.00
# Visual Studio 2010
Project("{FAE04EC0-301F-11D3-BF4B-00C04F79EFBC}") = "SurGIS2", "SurGIS2\SurGIS2.csproj", "{FB7334A8-14E6-4D88-B53B-43FAC742AFF9}"
EndProject
Global
	GlobalSection(SolutionConfigurationPlatforms) = preSolution
		Debug|Any CPU = Debug|Any CPU
		Release|Any CPU = Release|Any CPU
	EndGlobalSection
	GlobalSection(ProjectConfigurationPlatforms) = postSolution
		{FB7334A8-14E6-4D88-B53B-43FAC742AFF9}.Debug|Any CPU.ActiveCfg = Debug|Any CPU
		{FB7334A8-14E6-4D88-B53B-43FAC742AFF9}.Debug|Any CPU.Build.0 = Debug|Any CPU
		{FB7334A8-14E6-4D88-B53B-43FAC742AFF9}.Release|Any CPU.ActiveCfg = Release|Any CPU
		{FB7334A8-14E6-4D88-B53B-43FAC742AFF9}.Release|Any CPU.Build.0 = Release|Any CPU
	EndGlobalSection
	GlobalSection(SolutionProperties) = preSolution
		HideSolutionNode = FALSE
	EndGlobalSection
EndGlobal
